hash: 2f207390f81a5cd098572649e35cd41399d0ffe9bbfe0af78ded2cfd48024efe
updated: 2019-06-11T16:41:59.765307+09:00
imports:
- name: github.com/comail/colog
  version: fba8e7b1f46c3607f09760ce3880066e7ff57c5a
- name: github.com/gin-contrib/sse
  version: 54d8467d122d380a14768b6b4e5cd7ca4755938f
- name: github.com/gin-gonic/gin
  version: 73c4633943d596bdbeaa7d02cebdd4bd0c4f4630
  subpackages:
  - binding
  - internal/json
  - render
- name: github.com/golang/protobuf
  version: b285ee9cfc6c881bb20c0d8dc73370ea9b9ec90f
  subpackages:
  - proto
- name: github.com/json-iterator/go
  version: 0039f4ac3d5680243e7d0650c581e7ec0885ef5a
- name: github.com/mattn/go-isatty
  version: 1311e847b0cb909da63b5fecfb5370aa66236465
- name: github.com/modern-go/concurrent
  version: bacd9c7ef1dd9b15be4a9909b8ac7a4e313eec94
- name: github.com/modern-go/reflect2
  version: 94122c33edd36123c84d5368cfb2b69df93a0ec8
- name: github.com/ugorji/go
  version: 0e7b41a4180a29ac92dd9a3621f3fe776a19b6e1
  subpackages:
  - codec
- name: golang.org/x/net
  version: 461777fb6f67e8cb9d70cda16573678d085a74cf
  subpackages:
  - context
- name: golang.org/x/sys
  version: 93c9922d18aeb82498a065f07aec7ad7fa60dfb7
  subpackages:
  - unix
- name: google.golang.org/appengine
  version: b2f4a3cf3c67576a2ee09e1fe62656a5086ce880
  subpackages:
  - internal
  - internal/app_identity
  - internal/base
  - internal/datastore
  - internal/log
  - internal/modules
  - internal/remote_api
- name: gopkg.in/go-playground/validator.v8
  version: 5f1438d3fca68893a817e4a66806cea46a9e4ebf
- name: gopkg.in/yaml.v2
  version: 51d6538a90f86fe93ac480b35f37b2be17fef232
testImports: []
